
Microsoft Visual Studio Solution File, Format Version 12.00
# Visual Studio 2013
VisualStudioVersion = 12.0.30723.0
MinimumVisualStudioVersion = 10.0.40219.1
Project("{2150E333-8FDC-42A3-9474-1A3956D46DE8}") = "00_Documents", "00_Documents", "{3D28B713-CE52-42E0-8DFB-18647B6FABC3}"
EndProject
Project("{2150E333-8FDC-42A3-9474-1A3956D46DE8}") = "Properties", "Properties", "{66781FFD-D811-497F-BA3E-6C8396D8B9B0}"
	ProjectSection(SolutionItems) = preProject
		..\Documents\Properties\SharedAssemblyInfo.cs = ..\Documents\Properties\SharedAssemblyInfo.cs
	EndProjectSection
EndProject
Project("{2150E333-8FDC-42A3-9474-1A3956D46DE8}") = "Samples", "Samples", "{FACDE63B-1DCC-4EF4-B35D-6FE113C99DA6}"
	ProjectSection(SolutionItems) = preProject
		..\Documents\Samples\SampleMessage.xml = ..\Documents\Samples\SampleMessage.xml
	EndProjectSection
EndProject
Project("{2150E333-8FDC-42A3-9474-1A3956D46DE8}") = "01_Configs", "01_Configs", "{0FAE9BB1-555C-4864-85E1-2D7EAD54FF19}"
EndProject
Project("{FAE04EC0-301F-11D3-BF4B-00C04F79EFBC}") = "SbeaSample.Configs", "01_Configs\SbeaSample.Configs\SbeaSample.Configs.csproj", "{D2E45B1A-1030-4BD9-97CF-B55A707B8038}"
EndProject
Project("{2150E333-8FDC-42A3-9474-1A3956D46DE8}") = "02_Apps", "02_Apps", "{F510EFDB-27FF-4DB0-8F0E-B05DE6792079}"
EndProject
Project("{FAE04EC0-301F-11D3-BF4B-00C04F79EFBC}") = "SbeaSample.ConsoleApp", "02_Apps\SbeaSample.ConsoleApp\SbeaSample.ConsoleApp.csproj", "{95A295AD-5F00-486E-B79C-39F68B2C8CE3}"
EndProject
Project("{2150E333-8FDC-42A3-9474-1A3956D46DE8}") = "03_Services", "03_Services", "{85BCB9DF-98D5-441A-9997-F28F02D38EFF}"
EndProject
Project("{2150E333-8FDC-42A3-9474-1A3956D46DE8}") = "04_Models", "04_Models", "{FA62B5E1-5438-4344-AF99-B674473C74F4}"
EndProject
Project("{2150E333-8FDC-42A3-9474-1A3956D46DE8}") = "99_Tests", "99_Tests", "{C8E4BCEE-E49F-4E62-9285-05ECB4EC63EB}"
EndProject
Global
	GlobalSection(SolutionConfigurationPlatforms) = preSolution
		Debug|Any CPU = Debug|Any CPU
		Release|Any CPU = Release|Any CPU
	EndGlobalSection
	GlobalSection(ProjectConfigurationPlatforms) = postSolution
		{D2E45B1A-1030-4BD9-97CF-B55A707B8038}.Debug|Any CPU.ActiveCfg = Debug|Any CPU
		{D2E45B1A-1030-4BD9-97CF-B55A707B8038}.Debug|Any CPU.Build.0 = Debug|Any CPU
		{D2E45B1A-1030-4BD9-97CF-B55A707B8038}.Release|Any CPU.ActiveCfg = Release|Any CPU
		{D2E45B1A-1030-4BD9-97CF-B55A707B8038}.Release|Any CPU.Build.0 = Release|Any CPU
		{95A295AD-5F00-486E-B79C-39F68B2C8CE3}.Debug|Any CPU.ActiveCfg = Debug|Any CPU
		{95A295AD-5F00-486E-B79C-39F68B2C8CE3}.Debug|Any CPU.Build.0 = Debug|Any CPU
		{95A295AD-5F00-486E-B79C-39F68B2C8CE3}.Release|Any CPU.ActiveCfg = Release|Any CPU
		{95A295AD-5F00-486E-B79C-39F68B2C8CE3}.Release|Any CPU.Build.0 = Release|Any CPU
	EndGlobalSection
	GlobalSection(SolutionProperties) = preSolution
		HideSolutionNode = FALSE
	EndGlobalSection
	GlobalSection(NestedProjects) = preSolution
		{66781FFD-D811-497F-BA3E-6C8396D8B9B0} = {3D28B713-CE52-42E0-8DFB-18647B6FABC3}
		{FACDE63B-1DCC-4EF4-B35D-6FE113C99DA6} = {3D28B713-CE52-42E0-8DFB-18647B6FABC3}
		{D2E45B1A-1030-4BD9-97CF-B55A707B8038} = {0FAE9BB1-555C-4864-85E1-2D7EAD54FF19}
		{95A295AD-5F00-486E-B79C-39F68B2C8CE3} = {F510EFDB-27FF-4DB0-8F0E-B05DE6792079}
	EndGlobalSection
EndGlobal
